{
  "requires": true,
  "lockfileVersion": 1,
  "dependencies": {
    "yaml": {
      "version": "1.2.1",
      "resolved": "https://registry.npmjs.org/yaml/-/yaml-1.2.1.tgz",
      "integrity": "sha512-LuOeoZc6LYguU9H/XCbrPfuDpCGJVf+o/r9uLCGnsHiHk/8Cr7IVeXOilO8yK0XA8QJPlX22KVofINt8xhdwqg=="
    }
  }
}
